
Microsoft Visual Studio Solution File, Format Version 12.00
# Visual Studio 14
VisualStudioVersion = 14.0.25420.1
MinimumVisualStudioVersion = 10.0.40219.1
Project("{E24C65DC-7377-472B-9ABA-BC803B73C61A}") = "C3132281_Assig1", "D:\UniWork\INFT3050\C3132281_Assig1\", "{97033125-3881-4A3D-AC8B-FF2AECBE74F8}"
	ProjectSection(WebsiteProperties) = preProject
		TargetFrameworkMoniker = ".NETFramework,Version%3Dv4.5.2"
		Debug.AspNetCompiler.VirtualPath = "/localhost_60762"
		Debug.AspNetCompiler.PhysicalPath = "D:\UniWork\INFT3050\C3132281_Assig1\"
		Debug.AspNetCompiler.TargetPath = "PrecompiledWeb\localhost_60762\"
		Debug.AspNetCompiler.Updateable = "true"
		Debug.AspNetCompiler.ForceOverwrite = "true"
		Debug.AspNetCompiler.FixedNames = "false"
		Debug.AspNetCompiler.Debug = "True"
		Release.AspNetCompiler.VirtualPath = "/localhost_60762"
		Release.AspNetCompiler.PhysicalPath = "D:\UniWork\INFT3050\C3132281_Assig1\"
		Release.AspNetCompiler.TargetPath = "PrecompiledWeb\localhost_60762\"
		Release.AspNetCompiler.Updateable = "true"
		Release.AspNetCompiler.ForceOverwrite = "true"
		Release.AspNetCompiler.FixedNames = "false"
		Release.AspNetCompiler.Debug = "False"
		VWDPort = "60762"
		SlnRelativePath = "D:\UniWork\INFT3050\C3132281_Assig1\"
		DefaultWebSiteLanguage = "Visual C#"
	EndProjectSection
EndProject
Global
	GlobalSection(SolutionConfigurationPlatforms) = preSolution
		Debug|Any CPU = Debug|Any CPU
	EndGlobalSection
	GlobalSection(ProjectConfigurationPlatforms) = postSolution
		{97033125-3881-4A3D-AC8B-FF2AECBE74F8}.Debug|Any CPU.ActiveCfg = Debug|Any CPU
		{97033125-3881-4A3D-AC8B-FF2AECBE74F8}.Debug|Any CPU.Build.0 = Debug|Any CPU
	EndGlobalSection
	GlobalSection(SolutionProperties) = preSolution
		HideSolutionNode = FALSE
	EndGlobalSection
EndGlobal
